
Microsoft Visual Studio Solution File, Format Version 12.00
# Visual Studio Version 16
VisualStudioVersion = 16.0.29519.181
MinimumVisualStudioVersion = 10.0.40219.1
Project("{9A19103F-16F7-4668-BE54-9A1E7A4F7556}") = "Fluid.Presentation", "..\sources\Fluid.Presentation\Fluid.Presentation.csproj", "{7AB70E1F-A603-4C15-BC34-AF444DC40636}"
EndProject
Project("{9A19103F-16F7-4668-BE54-9A1E7A4F7556}") = "Fluid.Presentation.Devices", "..\sources\Fluid.Presentation.Devices\Fluid.Presentation.Devices.csproj", "{F2AC5618-A97A-4B60-BA04-E154D14D481E}"
EndProject
Project("{9A19103F-16F7-4668-BE54-9A1E7A4F7556}") = "Fluid.Presentation.Windows", "..\sources\Fluid.Presentation.Windows\Fluid.Presentation.Windows.csproj", "{3B568DF1-2A8D-4D1C-AAD7-E974F89F903B}"
EndProject
Project("{9A19103F-16F7-4668-BE54-9A1E7A4F7556}") = "Fluid.Presentation.Sandbox", "..\sources\Fluid.Presentation.Sandbox\Fluid.Presentation.Sandbox.csproj", "{589005D6-0863-4EBD-A45E-BE390392829A}"
EndProject
Global
	GlobalSection(SolutionConfigurationPlatforms) = preSolution
		Debug|Any CPU = Debug|Any CPU
		Debug|x64 = Debug|x64
		Debug|x86 = Debug|x86
		Release|Any CPU = Release|Any CPU
		Release|x64 = Release|x64
		Release|x86 = Release|x86
	EndGlobalSection
	GlobalSection(ProjectConfigurationPlatforms) = postSolution
		{7AB70E1F-A603-4C15-BC34-AF444DC40636}.Debug|Any CPU.ActiveCfg = Debug|Any CPU
		{7AB70E1F-A603-4C15-BC34-AF444DC40636}.Debug|Any CPU.Build.0 = Debug|Any CPU
		{7AB70E1F-A603-4C15-BC34-AF444DC40636}.Debug|x64.ActiveCfg = Debug|x64
		{7AB70E1F-A603-4C15-BC34-AF444DC40636}.Debug|x64.Build.0 = Debug|x64
		{7AB70E1F-A603-4C15-BC34-AF444DC40636}.Debug|x86.ActiveCfg = Debug|x86
		{7AB70E1F-A603-4C15-BC34-AF444DC40636}.Debug|x86.Build.0 = Debug|x86
		{7AB70E1F-A603-4C15-BC34-AF444DC40636}.Release|Any CPU.ActiveCfg = Release|Any CPU
		{7AB70E1F-A603-4C15-BC34-AF444DC40636}.Release|Any CPU.Build.0 = Release|Any CPU
		{7AB70E1F-A603-4C15-BC34-AF444DC40636}.Release|x64.ActiveCfg = Release|x64
		{7AB70E1F-A603-4C15-BC34-AF444DC40636}.Release|x64.Build.0 = Release|x64
		{7AB70E1F-A603-4C15-BC34-AF444DC40636}.Release|x86.ActiveCfg = Release|x86
		{7AB70E1F-A603-4C15-BC34-AF444DC40636}.Release|x86.Build.0 = Release|x86
		{F2AC5618-A97A-4B60-BA04-E154D14D481E}.Debug|Any CPU.ActiveCfg = Debug|Any CPU
		{F2AC5618-A97A-4B60-BA04-E154D14D481E}.Debug|Any CPU.Build.0 = Debug|Any CPU
		{F2AC5618-A97A-4B60-BA04-E154D14D481E}.Debug|x64.ActiveCfg = Debug|x64
		{F2AC5618-A97A-4B60-BA04-E154D14D481E}.Debug|x64.Build.0 = Debug|x64
		{F2AC5618-A97A-4B60-BA04-E154D14D481E}.Debug|x86.ActiveCfg = Debug|x86
		{F2AC5618-A97A-4B60-BA04-E154D14D481E}.Debug|x86.Build.0 = Debug|x86
		{F2AC5618-A97A-4B60-BA04-E154D14D481E}.Release|Any CPU.ActiveCfg = Release|Any CPU
		{F2AC5618-A97A-4B60-BA04-E154D14D481E}.Release|Any CPU.Build.0 = Release|Any CPU
		{F2AC5618-A97A-4B60-BA04-E154D14D481E}.Release|x64.ActiveCfg = Release|x64
		{F2AC5618-A97A-4B60-BA04-E154D14D481E}.Release|x64.Build.0 = Release|x64
		{F2AC5618-A97A-4B60-BA04-E154D14D481E}.Release|x86.ActiveCfg = Release|x86
		{F2AC5618-A97A-4B60-BA04-E154D14D481E}.Release|x86.Build.0 = Release|x86
		{3B568DF1-2A8D-4D1C-AAD7-E974F89F903B}.Debug|Any CPU.ActiveCfg = Debug|Any CPU
		{3B568DF1-2A8D-4D1C-AAD7-E974F89F903B}.Debug|Any CPU.Build.0 = Debug|Any CPU
		{3B568DF1-2A8D-4D1C-AAD7-E974F89F903B}.Debug|x64.ActiveCfg = Debug|x64
		{3B568DF1-2A8D-4D1C-AAD7-E974F89F903B}.Debug|x64.Build.0 = Debug|x64
		{3B568DF1-2A8D-4D1C-AAD7-E974F89F903B}.Debug|x86.ActiveCfg = Debug|x86
		{3B568DF1-2A8D-4D1C-AAD7-E974F89F903B}.Debug|x86.Build.0 = Debug|x86
		{3B568DF1-2A8D-4D1C-AAD7-E974F89F903B}.Release|Any CPU.ActiveCfg = Release|Any CPU
		{3B568DF1-2A8D-4D1C-AAD7-E974F89F903B}.Release|Any CPU.Build.0 = Release|Any CPU
		{3B568DF1-2A8D-4D1C-AAD7-E974F89F903B}.Release|x64.ActiveCfg = Release|x64
		{3B568DF1-2A8D-4D1C-AAD7-E974F89F903B}.Release|x64.Build.0 = Release|x64
		{3B568DF1-2A8D-4D1C-AAD7-E974F89F903B}.Release|x86.ActiveCfg = Release|x86
		{3B568DF1-2A8D-4D1C-AAD7-E974F89F903B}.Release|x86.Build.0 = Release|x86
		{589005D6-0863-4EBD-A45E-BE390392829A}.Debug|Any CPU.ActiveCfg = Debug|Any CPU
		{589005D6-0863-4EBD-A45E-BE390392829A}.Debug|Any CPU.Build.0 = Debug|Any CPU
		{589005D6-0863-4EBD-A45E-BE390392829A}.Debug|x64.ActiveCfg = Debug|x64
		{589005D6-0863-4EBD-A45E-BE390392829A}.Debug|x64.Build.0 = Debug|x64
		{589005D6-0863-4EBD-A45E-BE390392829A}.Debug|x86.ActiveCfg = Debug|x86
		{589005D6-0863-4EBD-A45E-BE390392829A}.Debug|x86.Build.0 = Debug|x86
		{589005D6-0863-4EBD-A45E-BE390392829A}.Release|Any CPU.ActiveCfg = Release|Any CPU
		{589005D6-0863-4EBD-A45E-BE390392829A}.Release|Any CPU.Build.0 = Release|Any CPU
		{589005D6-0863-4EBD-A45E-BE390392829A}.Release|x64.ActiveCfg = Release|x64
		{589005D6-0863-4EBD-A45E-BE390392829A}.Release|x64.Build.0 = Release|x64
		{589005D6-0863-4EBD-A45E-BE390392829A}.Release|x86.ActiveCfg = Release|x86
		{589005D6-0863-4EBD-A45E-BE390392829A}.Release|x86.Build.0 = Release|x86
	EndGlobalSection
	GlobalSection(SolutionProperties) = preSolution
		HideSolutionNode = FALSE
	EndGlobalSection
	GlobalSection(ExtensibilityGlobals) = postSolution
		SolutionGuid = {22E83E00-E26B-4CE0-B27A-570C4AB080C3}
	EndGlobalSection
EndGlobal
